
Microsoft Visual Studio Solution File, Format Version 12.00
Project("{FAE04EC0-301F-11D3-BF4B-00C04F79EFBC}") = "EventExample", "EventExample\EventExample.csproj", "{5AD0A059-8CBA-48C0-98C7-3523CA10FB6F}"
EndProject
Global
	GlobalSection(SolutionConfigurationPlatforms) = preSolution
		Debug|Any CPU = Debug|Any CPU
		Release|Any CPU = Release|Any CPU
	EndGlobalSection
	GlobalSection(ProjectConfigurationPlatforms) = postSolution
		{5AD0A059-8CBA-48C0-98C7-3523CA10FB6F}.Debug|Any CPU.ActiveCfg = Debug|Any CPU
		{5AD0A059-8CBA-48C0-98C7-3523CA10FB6F}.Debug|Any CPU.Build.0 = Debug|Any CPU
		{5AD0A059-8CBA-48C0-98C7-3523CA10FB6F}.Release|Any CPU.ActiveCfg = Release|Any CPU
		{5AD0A059-8CBA-48C0-98C7-3523CA10FB6F}.Release|Any CPU.Build.0 = Release|Any CPU
	EndGlobalSection
EndGlobal
